
Microsoft Visual Studio Solution File, Format Version 11.00
# Visual Studio 2010
Project("{8BC9CEB8-8B4A-11D0-8D11-00A0C91BC942}") = "ECF", "ECF\projekt.vcxproj", "{E3DE51CD-6DA8-40C4-8B1D-0CF8D034C7D3}"
EndProject
Project("{8BC9CEB8-8B4A-11D0-8D11-00A0C91BC942}") = "PECF", "ECF\PECF.vcxproj", "{2D096176-44D3-4D0E-982C-16F04A9A5E99}"
EndProject
Global
	GlobalSection(SolutionConfigurationPlatforms) = preSolution
		Debug|Any CPU = Debug|Any CPU
		Debug|Mixed Platforms = Debug|Mixed Platforms
		Debug|Win32 = Debug|Win32
		MPI_Debug|Any CPU = MPI_Debug|Any CPU
		MPI_Debug|Mixed Platforms = MPI_Debug|Mixed Platforms
		MPI_Debug|Win32 = MPI_Debug|Win32
		Release|Any CPU = Release|Any CPU
		Release|Mixed Platforms = Release|Mixed Platforms
		Release|Win32 = Release|Win32
	EndGlobalSection
	GlobalSection(ProjectConfigurationPlatforms) = postSolution
		{E3DE51CD-6DA8-40C4-8B1D-0CF8D034C7D3}.Debug|Any CPU.ActiveCfg = Debug|Win32
		{E3DE51CD-6DA8-40C4-8B1D-0CF8D034C7D3}.Debug|Mixed Platforms.ActiveCfg = Debug|Win32
		{E3DE51CD-6DA8-40C4-8B1D-0CF8D034C7D3}.Debug|Mixed Platforms.Build.0 = Debug|Win32
		{E3DE51CD-6DA8-40C4-8B1D-0CF8D034C7D3}.Debug|Win32.ActiveCfg = Debug|Win32
		{E3DE51CD-6DA8-40C4-8B1D-0CF8D034C7D3}.Debug|Win32.Build.0 = Debug|Win32
		{E3DE51CD-6DA8-40C4-8B1D-0CF8D034C7D3}.MPI_Debug|Any CPU.ActiveCfg = MPI_Debug|Win32
		{E3DE51CD-6DA8-40C4-8B1D-0CF8D034C7D3}.MPI_Debug|Mixed Platforms.ActiveCfg = MPI_Debug|Win32
		{E3DE51CD-6DA8-40C4-8B1D-0CF8D034C7D3}.MPI_Debug|Mixed Platforms.Build.0 = MPI_Debug|Win32
		{E3DE51CD-6DA8-40C4-8B1D-0CF8D034C7D3}.MPI_Debug|Win32.ActiveCfg = MPI_Debug|Win32
		{E3DE51CD-6DA8-40C4-8B1D-0CF8D034C7D3}.MPI_Debug|Win32.Build.0 = MPI_Debug|Win32
		{E3DE51CD-6DA8-40C4-8B1D-0CF8D034C7D3}.Release|Any CPU.ActiveCfg = Release|Win32
		{E3DE51CD-6DA8-40C4-8B1D-0CF8D034C7D3}.Release|Mixed Platforms.ActiveCfg = Release|Win32
		{E3DE51CD-6DA8-40C4-8B1D-0CF8D034C7D3}.Release|Mixed Platforms.Build.0 = Release|Win32
		{E3DE51CD-6DA8-40C4-8B1D-0CF8D034C7D3}.Release|Win32.ActiveCfg = Release|Win32
		{E3DE51CD-6DA8-40C4-8B1D-0CF8D034C7D3}.Release|Win32.Build.0 = Release|Win32
		{2D096176-44D3-4D0E-982C-16F04A9A5E99}.Debug|Any CPU.ActiveCfg = Debug|Win32
		{2D096176-44D3-4D0E-982C-16F04A9A5E99}.Debug|Mixed Platforms.ActiveCfg = Debug|Win32
		{2D096176-44D3-4D0E-982C-16F04A9A5E99}.Debug|Mixed Platforms.Build.0 = Debug|Win32
		{2D096176-44D3-4D0E-982C-16F04A9A5E99}.Debug|Win32.ActiveCfg = Debug|Win32
		{2D096176-44D3-4D0E-982C-16F04A9A5E99}.Debug|Win32.Build.0 = Debug|Win32
		{2D096176-44D3-4D0E-982C-16F04A9A5E99}.MPI_Debug|Any CPU.ActiveCfg = Debug|Win32
		{2D096176-44D3-4D0E-982C-16F04A9A5E99}.MPI_Debug|Mixed Platforms.ActiveCfg = Debug|Win32
		{2D096176-44D3-4D0E-982C-16F04A9A5E99}.MPI_Debug|Mixed Platforms.Build.0 = Debug|Win32
		{2D096176-44D3-4D0E-982C-16F04A9A5E99}.MPI_Debug|Win32.ActiveCfg = Debug|Win32
		{2D096176-44D3-4D0E-982C-16F04A9A5E99}.MPI_Debug|Win32.Build.0 = Debug|Win32
		{2D096176-44D3-4D0E-982C-16F04A9A5E99}.Release|Any CPU.ActiveCfg = Release|Win32
		{2D096176-44D3-4D0E-982C-16F04A9A5E99}.Release|Mixed Platforms.ActiveCfg = Release|Win32
		{2D096176-44D3-4D0E-982C-16F04A9A5E99}.Release|Mixed Platforms.Build.0 = Release|Win32
		{2D096176-44D3-4D0E-982C-16F04A9A5E99}.Release|Win32.ActiveCfg = Release|Win32
		{2D096176-44D3-4D0E-982C-16F04A9A5E99}.Release|Win32.Build.0 = Release|Win32
	EndGlobalSection
	GlobalSection(SolutionProperties) = preSolution
		HideSolutionNode = FALSE
	EndGlobalSection
EndGlobal
