<?xml version="1.0" encoding="utf-8"?>
<Project ToolsVersion="4.0" xmlns="http://schemas.microsoft.com/developer/msbuild/2003">
  <ItemGroup>
    <Filter Include="Source Files">
      <UniqueIdentifier>{4FC737F1-C7A5-4376-A066-2A32D752A2FF}</UniqueIdentifier>
      <Extensions>cpp;c;cc;cxx;def;odl;idl;hpj;bat;asm;asmx</Extensions>
    </Filter>
    <Filter Include="Header Files">
      <UniqueIdentifier>{93995380-89BD-4b04-88EB-625FBE52EBFB}</UniqueIdentifier>
      <Extensions>h;hpp;hxx;hm;inl;inc;xsd</Extensions>
    </Filter>
    <Filter Include="Resource Files">
      <UniqueIdentifier>{67DA6AB6-F800-4c08-8B7A-83BB121AAD01}</UniqueIdentifier>
      <Extensions>rc;ico;cur;bmp;dlg;rc2;rct;bin;rgs;gif;jpg;jpeg;jpe;resx;tiff;tif;png;wav;mfcribbon-ms</Extensions>
    </Filter>
  </ItemGroup>
  <ItemGroup>
    <ClInclude Include="..\FunctionMinEvalOp.h">
      <Filter>Source Files</Filter>
    </ClInclude>
    <ClInclude Include="..\NeuralNetwork.h">
      <Filter>Source Files</Filter>
    </ClInclude>
    <ClInclude Include="..\ActivationFunctions\AbstractActivationFunction.h">
      <Filter>Source Files</Filter>
    </ClInclude>
    <ClInclude Include="..\ActivationFunctions\LinearFunction.h">
      <Filter>Source Files</Filter>
    </ClInclude>
    <ClInclude Include="..\ActivationFunctions\SigmoidFunction.h">
      <Filter>Source Files</Filter>
    </ClInclude>
    <ClInclude Include="..\ActivationFunctions\SineFunction.h">
      <Filter>Source Files</Filter>
    </ClInclude>
    <ClInclude Include="..\Algorithms\Backpropagation.h">
      <Filter>Source Files</Filter>
    </ClInclude>
    <ClInclude Include="..\Crossovers\CrsLayer.h">
      <Filter>Source Files</Filter>
    </ClInclude>
    <ClInclude Include="..\Crossovers\CrsNeuron.h">
      <Filter>Source Files</Filter>
    </ClInclude>
    <ClInclude Include="..\Crossovers\CrsNeuronUniform.h">
      <Filter>Source Files</Filter>
    </ClInclude>
    <ClInclude Include="..\Mutations\MutGauss.h">
      <Filter>Source Files</Filter>
    </ClInclude>
    <ClInclude Include="..\Mutations\MutNeuron.h">
      <Filter>Source Files</Filter>
    </ClInclude>
    <ClInclude Include="..\Mutations\MutNeuronN.h">
      <Filter>Source Files</Filter>
    </ClInclude>
    <ClInclude Include="..\Mutations\MutScale.h">
      <Filter>Source Files</Filter>
    </ClInclude>
    <ClInclude Include="..\Mutations\MutScaleNeuron.h">
      <Filter>Source Files</Filter>
    </ClInclude>
  </ItemGroup>
  <ItemGroup>
    <ClCompile Include="..\FunctionMinEvalOp.cpp">
      <Filter>Source Files</Filter>
    </ClCompile>
    <ClCompile Include="..\main.cpp">
      <Filter>Source Files</Filter>
    </ClCompile>
    <ClCompile Include="..\NeuralNetwork.cpp">
      <Filter>Source Files</Filter>
    </ClCompile>
    <ClCompile Include="..\ActivationFunctions\LinearFunction.cpp">
      <Filter>Source Files</Filter>
    </ClCompile>
    <ClCompile Include="..\ActivationFunctions\SigmoidFunction.cpp">
      <Filter>Source Files</Filter>
    </ClCompile>
    <ClCompile Include="..\ActivationFunctions\SineFunction.cpp">
      <Filter>Source Files</Filter>
    </ClCompile>
    <ClCompile Include="..\Algorithms\Backpropagation.cpp">
      <Filter>Source Files</Filter>
    </ClCompile>
    <ClCompile Include="..\Crossovers\CrsLayer.cpp">
      <Filter>Source Files</Filter>
    </ClCompile>
    <ClCompile Include="..\Crossovers\CrsNeuron.cpp">
      <Filter>Source Files</Filter>
    </ClCompile>
    <ClCompile Include="..\Crossovers\CrsNeuronUniform.cpp">
      <Filter>Source Files</Filter>
    </ClCompile>
    <ClCompile Include="..\Mutations\MutGauss.cpp">
      <Filter>Source Files</Filter>
    </ClCompile>
    <ClCompile Include="..\Mutations\MutNeuron.cpp">
      <Filter>Source Files</Filter>
    </ClCompile>
    <ClCompile Include="..\Mutations\MutNeuronN.cpp">
      <Filter>Source Files</Filter>
    </ClCompile>
    <ClCompile Include="..\Mutations\MutScale.cpp">
      <Filter>Source Files</Filter>
    </ClCompile>
    <ClCompile Include="..\Mutations\MutScaleNeuron.cpp">
      <Filter>Source Files</Filter>
    </ClCompile>
  </ItemGroup>
</Project>